{
  "requires": true,
  "lockfileVersion": 1,
  "dependencies": {
    "tnoble-palindrome": {
      "version": "0.2.0",
      "resolved": "https://registry.npmjs.org/tnoble-palindrome/-/tnoble-palindrome-0.2.0.tgz",
      "integrity": "sha512-z/abs7epFAnqakustmULCr2/I6MPVlGZJpEZ1CbdVQrlo954PIlxH9vzltZh+1J4NtkvhOrcqs4L/bJH64GbiA=="
    }
  }
}
